// !$*UTF8*$!
{
	archiveVersion = 1;
	classes = {
	};
	objectVersion = 46;
	objects = {

/* Begin PBXBuildFile section */
		4F00A5C81A416E01005B6A5E /* main.m in Sources */ = {isa = PBXBuildFile; fileRef = 4F00A5C71A416E01005B6A5E /* main.m */; };
		4F00A5CB1A416E01005B6A5E /* AppDelegate.m in Sources */ = {isa = PBXBuildFile; fileRef = 4F00A5CA1A416E01005B6A5E /* AppDelegate.m */; };
		4F00A5CE1A416E01005B6A5E /* ViewController.m in Sources */ = {isa = PBXBuildFile; fileRef = 4F00A5CD1A416E01005B6A5E /* ViewController.m */; };
		4F00A5D11A416E01005B6A5E /* Main.storyboard in Resources */ = {isa = PBXBuildFile; fileRef = 4F00A5CF1A416E01005B6A5E /* Main.storyboard */; };
		4F00A5D31A416E01005B6A5E /* Images.xcassets in Resources */ = {isa = PBXBuildFile; fileRef = 4F00A5D21A416E01005B6A5E /* Images.xcassets */; };
		4F00A5D61A416E01005B6A5E /* LaunchScreen.xib in Resources */ = {isa = PBXBuildFile; fileRef = 4F00A5D41A416E01005B6A5E /* LaunchScreen.xib */; };
		4F00A5E21A416E01005B6A5E /* GUAAlertViewTests.m in Sources */ = {isa = PBXBuildFile; fileRef = 4F00A5E11A416E01005B6A5E /* GUAAlertViewTests.m */; };
		4F00A5ED1A416E28005B6A5E /* GUAAlertView.m in Sources */ = {isa = PBXBuildFile; fileRef = 4F00A5EC1A416E28005B6A5E /* GUAAlertView.m */; };
/* End PBXBuildFile section */

/* Begin PBXContainerItemProxy section */
		4F00A5DC1A416E01005B6A5E /* PBXContainerItemProxy */ = {
			isa = PBXContainerItemProxy;
			containerPortal = 4F00A5BA1A416E00005B6A5E /* Project object */;
			proxyType = 1;
			remoteGlobalIDString = 4F00A5C11A416E01005B6A5E;
			remoteInfo = GUAAlertView;
		};
/* End PBXContainerItemProxy section */

/* Begin PBXFileReference section */
		4F00A5C21A416E01005B6A5E /* GUAAlertView.app */ = {isa = PBXFileReference; explicitFileType = wrapper.application; includeInIndex = 0; path = GUAAlertView.app; sourceTree = BUILT_PRODUCTS_DIR; };
		4F00A5C61A416E01005B6A5E /* Info.plist */ = {isa = PBXFileReference; lastKnownFileType = text.plist.xml; path = Info.plist; sourceTree = "<group>"; };
		4F00A5C71A416E01005B6A5E /* main.m */ = {isa = PBXFileReference; lastKnownFileType = sourcecode.c.objc; path = main.m; sourceTree = "<group>"; };
		4F00A5C91A416E01005B6A5E /* AppDelegate.h */ = {isa = PBXFileReference; lastKnownFileType = sourcecode.c.h; path = AppDelegate.h; sourceTree = "<group>"; };
		4F00A5CA1A416E01005B6A5E /* AppDelegate.m */ = {isa = PBXFileReference; lastKnownFileType = sourcecode.c.objc; path = AppDelegate.m; sourceTree = "<group>"; };
		4F00A5CC1A416E01005B6A5E /* ViewController.h */ = {isa = PBXFileReference; lastKnownFileType = sourcecode.c.h; path = ViewController.h; sourceTree = "<group>"; };
		4F00A5CD1A416E01005B6A5E /* ViewController.m */ = {isa = PBXFileReference; lastKnownFileType = sourcecode.c.objc; path = ViewController.m; sourceTree = "<group>"; };
		4F00A5D01A416E01005B6A5E /* Base */ = {isa = PBXFileReference; lastKnownFileType = file.storyboard; name = Base; path = Base.lproj/Main.storyboard; sourceTree = "<group>"; };
		4F00A5D21A416E01005B6A5E /* Images.xcassets */ = {isa = PBXFileReference; lastKnownFileType = folder.assetcatalog; path = Images.xcassets; sourceTree = "<group>"; };
		4F00A5D51A416E01005B6A5E /* Base */ = {isa = PBXFileReference; lastKnownFileType = file.xib; name = Base; path = Base.lproj/LaunchScreen.xib; sourceTree = "<group>"; };
		4F00A5DB1A416E01005B6A5E /* GUAAlertViewTests.xctest */ = {isa = PBXFileReference; explicitFileType = wrapper.cfbundle; includeInIndex = 0; path = GUAAlertViewTests.xctest; sourceTree = BUILT_PRODUCTS_DIR; };
		4F00A5E01A416E01005B6A5E /* Info.plist */ = {isa = PBXFileReference; lastKnownFileType = text.plist.xml; path = Info.plist; sourceTree = "<group>"; };
		4F00A5E11A416E01005B6A5E /* GUAAlertViewTests.m */ = {isa = PBXFileReference; lastKnownFileType = sourcecode.c.objc; path = GUAAlertViewTests.m; sourceTree = "<group>"; };
		4F00A5EB1A416E28005B6A5E /* GUAAlertView.h */ = {isa = PBXFileReference; fileEncoding = 4; lastKnownFileType = sourcecode.c.h; path = GUAAlertView.h; sourceTree = SOURCE_ROOT; };
		4F00A5EC1A416E28005B6A5E /* GUAAlertView.m */ = {isa = PBXFileReference; fileEncoding = 4; lastKnownFileType = sourcecode.c.objc; path = GUAAlertView.m; sourceTree = SOURCE_ROOT; };
/* End PBXFileReference section */

/* Begin PBXFrameworksBuildPhase section */
		4F00A5BF1A416E01005B6A5E /* Frameworks */ = {
			isa = PBXFrameworksBuildPhase;
			buildActionMask = 2147483647;
			files = (
			);
			runOnlyForDeploymentPostprocessing = 0;
		};
		4F00A5D81A416E01005B6A5E /* Frameworks */ = {
			isa = PBXFrameworksBuildPhase;
			buildActionMask = 2147483647;
			files = (
			);
			runOnlyForDeploymentPostprocessing = 0;
		};
/* End PBXFrameworksBuildPhase section */

/* Begin PBXGroup section */
		4F00A5B91A416E00005B6A5E = {
			isa = PBXGroup;
			children = (
				4F00A5C41A416E01005B6A5E /* GUAAlertView */,
				4F00A5DE1A416E01005B6A5E /* GUAAlertViewTests */,
				4F00A5C31A416E01005B6A5E /* Products */,
			);
			sourceTree = "<group>";
		};
		4F00A5C31A416E01005B6A5E /* Products */ = {
			isa = PBXGroup;
			children = (
				4F00A5C21A416E01005B6A5E /* GUAAlertView.app */,
				4F00A5DB1A416E01005B6A5E /* GUAAlertViewTests.xctest */,
			);
			name = Products;
			sourceTree = "<group>";
		};
		4F00A5C41A416E01005B6A5E /* GUAAlertView */ = {
			isa = PBXGroup;
			children = (
				4F00A5C91A416E01005B6A5E /* AppDelegate.h */,
				4F00A5CA1A416E01005B6A5E /* AppDelegate.m */,
				4F00A5CC1A416E01005B6A5E /* ViewController.h */,
				4F00A5CD1A416E01005B6A5E /* ViewController.m */,
				4F00A5EB1A416E28005B6A5E /* GUAAlertView.h */,
				4F00A5EC1A416E28005B6A5E /* GUAAlertView.m */,
				4F00A5CF1A416E01005B6A5E /* Main.storyboard */,
				4F00A5D21A416E01005B6A5E /* Images.xcassets */,
				4F00A5D41A416E01005B6A5E /* LaunchScreen.xib */,
				4F00A5C51A416E01005B6A5E /* Supporting Files */,
			);
			path = GUAAlertView;
			sourceTree = "<group>";
		};
		4F00A5C51A416E01005B6A5E /* Supporting Files */ = {
			isa = PBXGroup;
			children = (
				4F00A5C61A416E01005B6A5E /* Info.plist */,
				4F00A5C71A416E01005B6A5E /* main.m */,
			);
			name = "Supporting Files";
			sourceTree = "<group>";
		};
		4F00A5DE1A416E01005B6A5E /* GUAAlertViewTests */ = {
			isa = PBXGroup;
			children = (
				4F00A5E11A416E01005B6A5E /* GUAAlertViewTests.m */,
				4F00A5DF1A416E01005B6A5E /* Supporting Files */,
			);
			path = GUAAlertViewTests;
			sourceTree = "<group>";
		};
		4F00A5DF1A416E01005B6A5E /* Supporting Files */ = {
			isa = PBXGroup;
			children = (
				4F00A5E01A416E01005B6A5E /* Info.plist */,
			);
			name = "Supporting Files";
			sourceTree = "<group>";
		};
/* End PBXGroup section */

/* Begin PBXNativeTarget section */
		4F00A5C11A416E01005B6A5E /* GUAAlertView */ = {
			isa = PBXNativeTarget;
			buildConfigurationList = 4F00A5E51A416E01005B6A5E /* Build configuration list for PBXNativeTarget "GUAAlertView" */;
			buildPhases = (
				4F00A5BE1A416E01005B6A5E /* Sources */,
				4F00A5BF1A416E01005B6A5E /* Frameworks */,
				4F00A5C01A416E01005B6A5E /* Resources */,
			);
			buildRules = (
			);
			dependencies = (
			);
			name = GUAAlertView;
			productName = GUAAlertView;
			productReference = 4F00A5C21A416E01005B6A5E /* GUAAlertView.app */;
			productType = "com.apple.product-type.application";
		};
		4F00A5DA1A416E01005B6A5E /* GUAAlertViewTests */ = {
			isa = PBXNativeTarget;
			buildConfigurationList = 4F00A5E81A416E01005B6A5E /* Build configuration list for PBXNativeTarget "GUAAlertViewTests" */;
			buildPhases = (
				4F00A5D71A416E01005B6A5E /* Sources */,
				4F00A5D81A416E01005B6A5E /* Frameworks */,
				4F00A5D91A416E01005B6A5E /* Resources */,
			);
			buildRules = (
			);
			dependencies = (
				4F00A5DD1A416E01005B6A5E /* PBXTargetDependency */,
			);
			name = GUAAlertViewTests;
			productName = GUAAlertViewTests;
			productReference = 4F00A5DB1A416E01005B6A5E /* GUAAlertViewTests.xctest */;
			productType = "com.apple.product-type.bundle.unit-test";
		};
/* End PBXNativeTarget section */

/* Begin PBXProject section */
		4F00A5BA1A416E00005B6A5E /* Project object */ = {
			isa = PBXProject;
			attributes = {
				LastUpgradeCheck = 0610;
				ORGANIZATIONNAME = "翟涛";
				TargetAttributes = {
					4F00A5C11A416E01005B6A5E = {
						CreatedOnToolsVersion = 6.1;
					};
					4F00A5DA1A416E01005B6A5E = {
						CreatedOnToolsVersion = 6.1;
						TestTargetID = 4F00A5C11A416E01005B6A5E;
					};
				};
			};
			buildConfigurationList = 4F00A5BD1A416E00005B6A5E /* Build configuration list for PBXProject "GUAAlertView" */;
			compatibilityVersion = "Xcode 3.2";
			developmentRegion = English;
			hasScannedForEncodings = 0;
			knownRegions = (
				en,
				Base,
			);
			mainGroup = 4F00A5B91A416E00005B6A5E;
			productRefGroup = 4F00A5C31A416E01005B6A5E /* Products */;
			projectDirPath = "";
			projectRoot = "";
			targets = (
				4F00A5C11A416E01005B6A5E /* GUAAlertView */,
				4F00A5DA1A416E01005B6A5E /* GUAAlertViewTests */,
			);
		};
/* End PBXProject section */

/* Begin PBXResourcesBuildPhase section */
		4F00A5C01A416E01005B6A5E /* Resources */ = {
			isa = PBXResourcesBuildPhase;
			buildActionMask = 2147483647;
			files = (
				4F00A5D11A416E01005B6A5E /* Main.storyboard in Resources */,
				4F00A5D61A416E01005B6A5E /* LaunchScreen.xib in Resources */,
				4F00A5D31A416E01005B6A5E /* Images.xcassets in Resources */,
			);
			runOnlyForDeploymentPostprocessing = 0;
		};
		4F00A5D91A416E01005B6A5E /* Resources */ = {
			isa = PBXResourcesBuildPhase;
			buildActionMask = 2147483647;
			files = (
			);
			runOnlyForDeploymentPostprocessing = 0;
		};
/* End PBXResourcesBuildPhase section */

/* Begin PBXSourcesBuildPhase section */
		4F00A5BE1A416E01005B6A5E /* Sources */ = {
			isa = PBXSourcesBuildPhase;
			buildActionMask = 2147483647;
			files = (
				4F00A5CE1A416E01005B6A5E /* ViewController.m in Sources */,
				4F00A5ED1A416E28005B6A5E /* GUAAlertView.m in Sources */,
				4F00A5CB1A416E01005B6A5E /* AppDelegate.m in Sources */,
				4F00A5C81A416E01005B6A5E /* main.m in Sources */,
			);
			runOnlyForDeploymentPostprocessing = 0;
		};
		4F00A5D71A416E01005B6A5E /* Sources */ = {
			isa = PBXSourcesBuildPhase;
			buildActionMask = 2147483647;
			files = (
				4F00A5E21A416E01005B6A5E /* GUAAlertViewTests.m in Sources */,
			);
			runOnlyForDeploymentPostprocessing = 0;
		};
/* End PBXSourcesBuildPhase section */

/* Begin PBXTargetDependency section */
		4F00A5DD1A416E01005B6A5E /* PBXTargetDependency */ = {
			isa = PBXTargetDependency;
			target = 4F00A5C11A416E01005B6A5E /* GUAAlertView */;
			targetProxy = 4F00A5DC1A416E01005B6A5E /* PBXContainerItemProxy */;
		};
/* End PBXTargetDependency section */

/* Begin PBXVariantGroup section */
		4F00A5CF1A416E01005B6A5E /* Main.storyboard */ = {
			isa = PBXVariantGroup;
			children = (
				4F00A5D01A416E01005B6A5E /* Base */,
			);
			name = Main.storyboard;
			sourceTree = "<group>";
		};
		4F00A5D41A416E01005B6A5E /* LaunchScreen.xib */ = {
			isa = PBXVariantGroup;
			children = (
				4F00A5D51A416E01005B6A5E /* Base */,
			);
			name = LaunchScreen.xib;
			sourceTree = "<group>";
		};
/* End PBXVariantGroup section */

/* Begin XCBuildConfiguration section */
		4F00A5E31A416E01005B6A5E /* Debug */ = {
			isa = XCBuildConfiguration;
			buildSettings = {
				ALWAYS_SEARCH_USER_PATHS = NO;
				CLANG_CXX_LANGUAGE_STANDARD = "gnu++0x";
				CLANG_CXX_LIBRARY = "libc++";
				CLANG_ENABLE_MODULES = YES;
				CLANG_ENABLE_OBJC_ARC = YES;
				CLANG_WARN_BOOL_CONVERSION = YES;
				CLANG_WARN_CONSTANT_CONVERSION = YES;
				CLANG_WARN_DIRECT_OBJC_ISA_USAGE = YES_ERROR;
				CLANG_WARN_EMPTY_BODY = YES;
				CLANG_WARN_ENUM_CONVERSION = YES;
				CLANG_WARN_INT_CONVERSION = YES;
				CLANG_WARN_OBJC_ROOT_CLASS = YES_ERROR;
				CLANG_WARN_UNREACHABLE_CODE = YES;
				CLANG_WARN__DUPLICATE_METHOD_MATCH = YES;
				"CODE_SIGN_IDENTITY[sdk=iphoneos*]" = "iPhone Developer";
				COPY_PHASE_STRIP = NO;
				ENABLE_STRICT_OBJC_MSGSEND = YES;
				GCC_C_LANGUAGE_STANDARD = gnu99;
				GCC_DYNAMIC_NO_PIC = NO;
				GCC_OPTIMIZATION_LEVEL = 0;
				GCC_PREPROCESSOR_DEFINITIONS = (
					"DEBUG=1",
					"$(inherited)",
				);
				GCC_SYMBOLS_PRIVATE_EXTERN = NO;
				GCC_WARN_64_TO_32_BIT_CONVERSION = YES;
				GCC_WARN_ABOUT_RETURN_TYPE = YES_ERROR;
				GCC_WARN_UNDECLARED_SELECTOR = YES;
				GCC_WARN_UNINITIALIZED_AUTOS = YES_AGGRESSIVE;
				GCC_WARN_UNUSED_FUNCTION = YES;
				GCC_WARN_UNUSED_VARIABLE = YES;
				IPHONEOS_DEPLOYMENT_TARGET = 8.1;
				MTL_ENABLE_DEBUG_INFO = YES;
				ONLY_ACTIVE_ARCH = YES;
				SDKROOT = iphoneos;
			};
			name = Debug;
		};
		4F00A5E41A416E01005B6A5E /* Release */ = {
			isa = XCBuildConfiguration;
			buildSettings = {
				ALWAYS_SEARCH_USER_PATHS = NO;
				CLANG_CXX_LANGUAGE_STANDARD = "gnu++0x";
				CLANG_CXX_LIBRARY = "libc++";
				CLANG_ENABLE_MODULES = YES;
				CLANG_ENABLE_OBJC_ARC = YES;
				CLANG_WARN_BOOL_CONVERSION = YES;
				CLANG_WARN_CONSTANT_CONVERSION = YES;
				CLANG_WARN_DIRECT_OBJC_ISA_USAGE = YES_ERROR;
				CLANG_WARN_EMPTY_BODY = YES;
				CLANG_WARN_ENUM_CONVERSION = YES;
				CLANG_WARN_INT_CONVERSION = YES;
				CLANG_WARN_OBJC_ROOT_CLASS = YES_ERROR;
				CLANG_WARN_UNREACHABLE_CODE = YES;
				CLANG_WARN__DUPLICATE_METHOD_MATCH = YES;
				"CODE_SIGN_IDENTITY[sdk=iphoneos*]" = "iPhone Developer";
				COPY_PHASE_STRIP = YES;
				ENABLE_NS_ASSERTIONS = NO;
				ENABLE_STRICT_OBJC_MSGSEND = YES;
				GCC_C_LANGUAGE_STANDARD = gnu99;
				GCC_WARN_64_TO_32_BIT_CONVERSION = YES;
				GCC_WARN_ABOUT_RETURN_TYPE = YES_ERROR;
				GCC_WARN_UNDECLARED_SELECTOR = YES;
				GCC_WARN_UNINITIALIZED_AUTOS = YES_AGGRESSIVE;
				GCC_WARN_UNUSED_FUNCTION = YES;
				GCC_WARN_UNUSED_VARIABLE = YES;
				IPHONEOS_DEPLOYMENT_TARGET = 8.1;
				MTL_ENABLE_DEBUG_INFO = NO;
				SDKROOT = iphoneos;
				VALIDATE_PRODUCT = YES;
			};
			name = Release;
		};
		4F00A5E61A416E01005B6A5E /* Debug */ = {
			isa = XCBuildConfiguration;
			buildSettings = {
				ASSETCATALOG_COMPILER_APPICON_NAME = AppIcon;
				INFOPLIST_FILE = GUAAlertView/Info.plist;
				LD_RUNPATH_SEARCH_PATHS = "$(inherited) @executable_path/Frameworks";
				PRODUCT_NAME = "$(TARGET_NAME)";
			};
			name = Debug;
		};
		4F00A5E71A416E01005B6A5E /* Release */ = {
			isa = XCBuildConfiguration;
			buildSettings = {
				ASSETCATALOG_COMPILER_APPICON_NAME = AppIcon;
				INFOPLIST_FILE = GUAAlertView/Info.plist;
				LD_RUNPATH_SEARCH_PATHS = "$(inherited) @executable_path/Frameworks";
				PRODUCT_NAME = "$(TARGET_NAME)";
			};
			name = Release;
		};
		4F00A5E91A416E01005B6A5E /* Debug */ = {
			isa = XCBuildConfiguration;
			buildSettings = {
				BUNDLE_LOADER = "$(TEST_HOST)";
				FRAMEWORK_SEARCH_PATHS = (
					"$(SDKROOT)/Developer/Library/Frameworks",
					"$(inherited)",
				);
				GCC_PREPROCESSOR_DEFINITIONS = (
					"DEBUG=1",
					"$(inherited)",
				);
				INFOPLIST_FILE = GUAAlertViewTests/Info.plist;
				LD_RUNPATH_SEARCH_PATHS = "$(inherited) @executable_path/Frameworks @loader_path/Frameworks";
				PRODUCT_NAME = "$(TARGET_NAME)";
				TEST_HOST = "$(BUILT_PRODUCTS_DIR)/GUAAlertView.app/GUAAlertView";
			};
			name = Debug;
		};
		4F00A5EA1A416E01005B6A5E /* Release */ = {
			isa = XCBuildConfiguration;
			buildSettings = {
				BUNDLE_LOADER = "$(TEST_HOST)";
				FRAMEWORK_SEARCH_PATHS = (
					"$(SDKROOT)/Developer/Library/Frameworks",
					"$(inherited)",
				);
				INFOPLIST_FILE = GUAAlertViewTests/Info.plist;
				LD_RUNPATH_SEARCH_PATHS = "$(inherited) @executable_path/Frameworks @loader_path/Frameworks";
				PRODUCT_NAME = "$(TARGET_NAME)";
				TEST_HOST = "$(BUILT_PRODUCTS_DIR)/GUAAlertView.app/GUAAlertView";
			};
			name = Release;
		};
/* End XCBuildConfiguration section */

/* Begin XCConfigurationList section */
		4F00A5BD1A416E00005B6A5E /* Build configuration list for PBXProject "GUAAlertView" */ = {
			isa = XCConfigurationList;
			buildConfigurations = (
				4F00A5E31A416E01005B6A5E /* Debug */,
				4F00A5E41A416E01005B6A5E /* Release */,
			);
			defaultConfigurationIsVisible = 0;
			defaultConfigurationName = Release;
		};
		4F00A5E51A416E01005B6A5E /* Build configuration list for PBXNativeTarget "GUAAlertView" */ = {
			isa = XCConfigurationList;
			buildConfigurations = (
				4F00A5E61A416E01005B6A5E /* Debug */,
				4F00A5E71A416E01005B6A5E /* Release */,
			);
			defaultConfigurationIsVisible = 0;
		};
		4F00A5E81A416E01005B6A5E /* Build configuration list for PBXNativeTarget "GUAAlertViewTests" */ = {
			isa = XCConfigurationList;
			buildConfigurations = (
				4F00A5E91A416E01005B6A5E /* Debug */,
				4F00A5EA1A416E01005B6A5E /* Release */,
			);
			defaultConfigurationIsVisible = 0;
		};
/* End XCConfigurationList section */
	};
	rootObject = 4F00A5BA1A416E00005B6A5E /* Project object */;
}
